Microsoft Visual Studio Solution File, Format Version 12.00
# Visual Studio Version 17
VisualStudioVersion = 17.5.002.0
MinimumVisualStudioVersion = 10.0.40219.1
Project("{9A19103F-16F7-4668-BE54-9A1E7A4F7556}") = "FlashDriveCopyer", "FlashDriveCopyer.csproj", "{5DF188E9-7EBE-4EFD-81E9-63D4D6AE93E8}"
EndProject
Global
	GlobalSection(SolutionConfigurationPlatforms) = preSolution
		Debug|Any CPU = Debug|Any CPU
		Release|Any CPU = Release|Any CPU
	EndGlobalSection
	GlobalSection(ProjectConfigurationPlatforms) = postSolution
		{5DF188E9-7EBE-4EFD-81E9-63D4D6AE93E8}.Debug|Any CPU.ActiveCfg = Debug|Any CPU
		{5DF188E9-7EBE-4EFD-81E9-63D4D6AE93E8}.Debug|Any CPU.Build.0 = Debug|Any CPU
		{5DF188E9-7EBE-4EFD-81E9-63D4D6AE93E8}.Release|Any CPU.ActiveCfg = Release|Any CPU
		{5DF188E9-7EBE-4EFD-81E9-63D4D6AE93E8}.Release|Any CPU.Build.0 = Release|Any CPU
	EndGlobalSection
	GlobalSection(SolutionProperties) = preSolution
		HideSolutionNode = FALSE
		StartupProject = FlashDriveCopyer
	EndGlobalSection
	GlobalSection(ExtensibilityGlobals) = postSolution
		SolutionGuid = {0C54CA9C-2F8B-4A75-9886-3D64D289D2E0}
	EndGlobalSection
EndGlobal
